// !$*UTF8*$!
{
	archiveVersion = 1;
	classes = {
	};
	objectVersion = 55;
	objects = {

/* Begin PBXBuildFile section */
		2C6862EE28B4DCBD00DAC01B /* AppDelegate.swift in Sources */ = {isa = PBXBuildFile; fileRef = 2C6862ED28B4DCBD00DAC01B /* AppDelegate.swift */; };
		2C6862F828B4DCBD00DAC01B /* CurrencyConverter.xcdatamodeld in Sources */ = {isa = PBXBuildFile; fileRef = 2C6862F628B4DCBD00DAC01B /* CurrencyConverter.xcdatamodeld */; };
		2C6862FA28B4DCBE00DAC01B /* Assets.xcassets in Resources */ = {isa = PBXBuildFile; fileRef = 2C6862F928B4DCBE00DAC01B /* Assets.xcassets */; };
		2C6862FD28B4DCBE00DAC01B /* LaunchScreen.storyboard in Resources */ = {isa = PBXBuildFile; fileRef = 2C6862FB28B4DCBE00DAC01B /* LaunchScreen.storyboard */; };
		2C68630F28B4DF9200DAC01B /* CurrenciesListViewController.swift in Sources */ = {isa = PBXBuildFile; fileRef = 2C68630D28B4DF9200DAC01B /* CurrenciesListViewController.swift */; };
		2C68631028B4DF9200DAC01B /* CurrenciesListViewController.xib in Resources */ = {isa = PBXBuildFile; fileRef = 2C68630E28B4DF9200DAC01B /* CurrenciesListViewController.xib */; };
		2C68631328B4E0F300DAC01B /* CurrenciesListPresenter.swift in Sources */ = {isa = PBXBuildFile; fileRef = 2C68631228B4E0F300DAC01B /* CurrenciesListPresenter.swift */; };
		2C68631528B4E24D00DAC01B /* CurrenciesListInteractor.swift in Sources */ = {isa = PBXBuildFile; fileRef = 2C68631428B4E24D00DAC01B /* CurrenciesListInteractor.swift */; };
		2C68631728B4E2E200DAC01B /* CurrenciesListRouter.swift in Sources */ = {isa = PBXBuildFile; fileRef = 2C68631628B4E2E200DAC01B /* CurrenciesListRouter.swift */; };
		2C68631928B4E2ED00DAC01B /* CurrenciesListConfigurator.swift in Sources */ = {isa = PBXBuildFile; fileRef = 2C68631828B4E2ED00DAC01B /* CurrenciesListConfigurator.swift */; };
		2C68631B28B4E5F100DAC01B /* CurrencyCell.swift in Sources */ = {isa = PBXBuildFile; fileRef = 2C68631A28B4E5F100DAC01B /* CurrencyCell.swift */; };
		2C68632528B4EC4F00DAC01B /* CurrenciesListDataSourceProvider.swift in Sources */ = {isa = PBXBuildFile; fileRef = 2C68632428B4EC4F00DAC01B /* CurrenciesListDataSourceProvider.swift */; };
		2C6AD3BE28B8EDCA00CEB542 /* CurrencyType.swift in Sources */ = {isa = PBXBuildFile; fileRef = 2C6AD3BD28B8EDCA00CEB542 /* CurrencyType.swift */; };
		2C6AD3C028B91C8000CEB542 /* UserDefaultService.swift in Sources */ = {isa = PBXBuildFile; fileRef = 2C6AD3BF28B91C8000CEB542 /* UserDefaultService.swift */; };
		2C6AD3CE28B94C5800CEB542 /* CalculatorInteractorTests.swift in Sources */ = {isa = PBXBuildFile; fileRef = 2C6AD3CD28B94C5800CEB542 /* CalculatorInteractorTests.swift */; };
		2C6AD3DB28B94F0D00CEB542 /* CalculatorPresenterMock.swift in Sources */ = {isa = PBXBuildFile; fileRef = 2C6AD3DA28B94F0D00CEB542 /* CalculatorPresenterMock.swift */; };
		2C9FC26F28B6591100F2A49B /* CalculatorViewController.swift in Sources */ = {isa = PBXBuildFile; fileRef = 2C9FC26D28B6591100F2A49B /* CalculatorViewController.swift */; };
		2C9FC27028B6591100F2A49B /* CalculatorViewController.xib in Resources */ = {isa = PBXBuildFile; fileRef = 2C9FC26E28B6591100F2A49B /* CalculatorViewController.xib */; };
		2C9FC27228B6598500F2A49B /* CalculatorPresenter.swift in Sources */ = {isa = PBXBuildFile; fileRef = 2C9FC27128B6598500F2A49B /* CalculatorPresenter.swift */; };
		2C9FC27428B6599200F2A49B /* CalculatorInteractor.swift in Sources */ = {isa = PBXBuildFile; fileRef = 2C9FC27328B6599200F2A49B /* CalculatorInteractor.swift */; };
		2C9FC27828B659AC00F2A49B /* CalculatorConfigurator.swift in Sources */ = {isa = PBXBuildFile; fileRef = 2C9FC27728B659AC00F2A49B /* CalculatorConfigurator.swift */; };
		2C9FC27C28B6908300F2A49B /* String+NumberFormatter.swift in Sources */ = {isa = PBXBuildFile; fileRef = 2C9FC27B28B6908300F2A49B /* String+NumberFormatter.swift */; };
		2CED9B8928B51C7300B8C890 /* CRBApiModel.swift in Sources */ = {isa = PBXBuildFile; fileRef = 2CED9B8828B51C7300B8C890 /* CRBApiModel.swift */; };
		2CED9B8B28B51D0A00B8C890 /* CRBParser.swift in Sources */ = {isa = PBXBuildFile; fileRef = 2CED9B8A28B51D0A00B8C890 /* CRBParser.swift */; };
		2CED9B8D28B51DF000B8C890 /* CRBRequest.swift in Sources */ = {isa = PBXBuildFile; fileRef = 2CED9B8C28B51DF000B8C890 /* CRBRequest.swift */; };
		2CED9B8F28B51E5B00B8C890 /* CRBRequestService.swift in Sources */ = {isa = PBXBuildFile; fileRef = 2CED9B8E28B51E5B00B8C890 /* CRBRequestService.swift */; };
		2CED9B9128B51EA500B8C890 /* NetworkError.swift in Sources */ = {isa = PBXBuildFile; fileRef = 2CED9B9028B51EA500B8C890 /* NetworkError.swift */; };
		2CED9B9328B51F9500B8C890 /* RequestFactory.swift in Sources */ = {isa = PBXBuildFile; fileRef = 2CED9B9228B51F9500B8C890 /* RequestFactory.swift */; };
/* End PBXBuildFile section */

/* Begin PBXContainerItemProxy section */
		2C6AD3CF28B94C5800CEB542 /* PBXContainerItemProxy */ = {
			isa = PBXContainerItemProxy;
			containerPortal = 2C6862E228B4DCBD00DAC01B /* Project object */;
			proxyType = 1;
			remoteGlobalIDString = 2C6862E928B4DCBD00DAC01B;
			remoteInfo = CurrencyConverter;
		};
/* End PBXContainerItemProxy section */

/* Begin PBXFileReference section */
		2C6862EA28B4DCBD00DAC01B /* CurrencyConverter.app */ = {isa = PBXFileReference; explicitFileType = wrapper.application; includeInIndex = 0; path = CurrencyConverter.app; sourceTree = BUILT_PRODUCTS_DIR; };
		2C6862ED28B4DCBD00DAC01B /* AppDelegate.swift */ = {isa = PBXFileReference; lastKnownFileType = sourcecode.swift; path = AppDelegate.swift; sourceTree = "<group>"; };
		2C6862F728B4DCBD00DAC01B /* CurrencyConverter.xcdatamodel */ = {isa = PBXFileReference; lastKnownFileType = wrapper.xcdatamodel; path = CurrencyConverter.xcdatamodel; sourceTree = "<group>"; };
		2C6862F928B4DCBE00DAC01B /* Assets.xcassets */ = {isa = PBXFileReference; lastKnownFileType = folder.assetcatalog; path = Assets.xcassets; sourceTree = "<group>"; };
		2C6862FC28B4DCBE00DAC01B /* Base */ = {isa = PBXFileReference; lastKnownFileType = file.storyboard; name = Base; path = Base.lproj/LaunchScreen.storyboard; sourceTree = "<group>"; };
		2C6862FE28B4DCBF00DAC01B /* Info.plist */ = {isa = PBXFileReference; lastKnownFileType = text.plist.xml; path = Info.plist; sourceTree = "<group>"; };
		2C68630D28B4DF9200DAC01B /* CurrenciesListViewController.swift */ = {isa = PBXFileReference; lastKnownFileType = sourcecode.swift; path = CurrenciesListViewController.swift; sourceTree = "<group>"; };
		2C68630E28B4DF9200DAC01B /* CurrenciesListViewController.xib */ = {isa = PBXFileReference; lastKnownFileType = file.xib; path = CurrenciesListViewController.xib; sourceTree = "<group>"; };
		2C68631228B4E0F300DAC01B /* CurrenciesListPresenter.swift */ = {isa = PBXFileReference; lastKnownFileType = sourcecode.swift; path = CurrenciesListPresenter.swift; sourceTree = "<group>"; };
		2C68631428B4E24D00DAC01B /* CurrenciesListInteractor.swift */ = {isa = PBXFileReference; lastKnownFileType = sourcecode.swift; path = CurrenciesListInteractor.swift; sourceTree = "<group>"; };
		2C68631628B4E2E200DAC01B /* CurrenciesListRouter.swift */ = {isa = PBXFileReference; lastKnownFileType = sourcecode.swift; path = CurrenciesListRouter.swift; sourceTree = "<group>"; };
		2C68631828B4E2ED00DAC01B /* CurrenciesListConfigurator.swift */ = {isa = PBXFileReference; lastKnownFileType = sourcecode.swift; path = CurrenciesListConfigurator.swift; sourceTree = "<group>"; };
		2C68631A28B4E5F100DAC01B /* CurrencyCell.swift */ = {isa = PBXFileReference; lastKnownFileType = sourcecode.swift; path = CurrencyCell.swift; sourceTree = "<group>"; };
		2C68632428B4EC4F00DAC01B /* CurrenciesListDataSourceProvider.swift */ = {isa = PBXFileReference; lastKnownFileType = sourcecode.swift; path = CurrenciesListDataSourceProvider.swift; sourceTree = "<group>"; };
		2C6AD3BD28B8EDCA00CEB542 /* CurrencyType.swift */ = {isa = PBXFileReference; lastKnownFileType = sourcecode.swift; path = CurrencyType.swift; sourceTree = "<group>"; };
		2C6AD3BF28B91C8000CEB542 /* UserDefaultService.swift */ = {isa = PBXFileReference; lastKnownFileType = sourcecode.swift; path = UserDefaultService.swift; sourceTree = "<group>"; };
		2C6AD3CB28B94C5800CEB542 /* CurrencyConverterTests.xctest */ = {isa = PBXFileReference; explicitFileType = wrapper.cfbundle; includeInIndex = 0; path = CurrencyConverterTests.xctest; sourceTree = BUILT_PRODUCTS_DIR; };
		2C6AD3CD28B94C5800CEB542 /* CalculatorInteractorTests.swift */ = {isa = PBXFileReference; lastKnownFileType = sourcecode.swift; path = CalculatorInteractorTests.swift; sourceTree = "<group>"; };
		2C6AD3DA28B94F0D00CEB542 /* CalculatorPresenterMock.swift */ = {isa = PBXFileReference; lastKnownFileType = sourcecode.swift; path = CalculatorPresenterMock.swift; sourceTree = "<group>"; };
		2C9FC26D28B6591100F2A49B /* CalculatorViewController.swift */ = {isa = PBXFileReference; lastKnownFileType = sourcecode.swift; path = CalculatorViewController.swift; sourceTree = "<group>"; };
		2C9FC26E28B6591100F2A49B /* CalculatorViewController.xib */ = {isa = PBXFileReference; lastKnownFileType = file.xib; path = CalculatorViewController.xib; sourceTree = "<group>"; };
		2C9FC27128B6598500F2A49B /* CalculatorPresenter.swift */ = {isa = PBXFileReference; lastKnownFileType = sourcecode.swift; path = CalculatorPresenter.swift; sourceTree = "<group>"; };
		2C9FC27328B6599200F2A49B /* CalculatorInteractor.swift */ = {isa = PBXFileReference; lastKnownFileType = sourcecode.swift; path = CalculatorInteractor.swift; sourceTree = "<group>"; };
		2C9FC27728B659AC00F2A49B /* CalculatorConfigurator.swift */ = {isa = PBXFileReference; lastKnownFileType = sourcecode.swift; path = CalculatorConfigurator.swift; sourceTree = "<group>"; };
		2C9FC27B28B6908300F2A49B /* String+NumberFormatter.swift */ = {isa = PBXFileReference; lastKnownFileType = sourcecode.swift; path = "String+NumberFormatter.swift"; sourceTree = "<group>"; };
		2CED9B8828B51C7300B8C890 /* CRBApiModel.swift */ = {isa = PBXFileReference; lastKnownFileType = sourcecode.swift; path = CRBApiModel.swift; sourceTree = "<group>"; };
		2CED9B8A28B51D0A00B8C890 /* CRBParser.swift */ = {isa = PBXFileReference; lastKnownFileType = sourcecode.swift; path = CRBParser.swift; sourceTree = "<group>"; };
		2CED9B8C28B51DF000B8C890 /* CRBRequest.swift */ = {isa = PBXFileReference; lastKnownFileType = sourcecode.swift; path = CRBRequest.swift; sourceTree = "<group>"; };
		2CED9B8E28B51E5B00B8C890 /* CRBRequestService.swift */ = {isa = PBXFileReference; lastKnownFileType = sourcecode.swift; path = CRBRequestService.swift; sourceTree = "<group>"; };
		2CED9B9028B51EA500B8C890 /* NetworkError.swift */ = {isa = PBXFileReference; lastKnownFileType = sourcecode.swift; path = NetworkError.swift; sourceTree = "<group>"; };
		2CED9B9228B51F9500B8C890 /* RequestFactory.swift */ = {isa = PBXFileReference; lastKnownFileType = sourcecode.swift; path = RequestFactory.swift; sourceTree = "<group>"; };
/* End PBXFileReference section */

/* Begin PBXFrameworksBuildPhase section */
		2C6862E728B4DCBD00DAC01B /* Frameworks */ = {
			isa = PBXFrameworksBuildPhase;
			buildActionMask = 2147483647;
			files = (
			);
			runOnlyForDeploymentPostprocessing = 0;
		};
		2C6AD3C828B94C5800CEB542 /* Frameworks */ = {
			isa = PBXFrameworksBuildPhase;
			buildActionMask = 2147483647;
			files = (
			);
			runOnlyForDeploymentPostprocessing = 0;
		};
/* End PBXFrameworksBuildPhase section */

/* Begin PBXGroup section */
		2C6862E128B4DCBD00DAC01B = {
			isa = PBXGroup;
			children = (
				2C6862EC28B4DCBD00DAC01B /* CurrencyConverter */,
				2C6AD3CC28B94C5800CEB542 /* CurrencyConverterTests */,
				2C6862EB28B4DCBD00DAC01B /* Products */,
			);
			sourceTree = "<group>";
		};
		2C6862EB28B4DCBD00DAC01B /* Products */ = {
			isa = PBXGroup;
			children = (
				2C6862EA28B4DCBD00DAC01B /* CurrencyConverter.app */,
				2C6AD3CB28B94C5800CEB542 /* CurrencyConverterTests.xctest */,
			);
			name = Products;
			sourceTree = "<group>";
		};
		2C6862EC28B4DCBD00DAC01B /* CurrencyConverter */ = {
			isa = PBXGroup;
			children = (
				2C6862FE28B4DCBF00DAC01B /* Info.plist */,
				2C6862F628B4DCBD00DAC01B /* CurrencyConverter.xcdatamodeld */,
				2C68630428B4DE7700DAC01B /* Default */,
				2C9FC27928B6903F00F2A49B /* Common */,
				2CED9B8528B51B8D00B8C890 /* Services */,
				2C68630628B4DEC000DAC01B /* Presentation */,
			);
			path = CurrencyConverter;
			sourceTree = "<group>";
		};
		2C68630428B4DE7700DAC01B /* Default */ = {
			isa = PBXGroup;
			children = (
				2C68630528B4DE9100DAC01B /* Recources */,
				2C6862ED28B4DCBD00DAC01B /* AppDelegate.swift */,
				2C6862FB28B4DCBE00DAC01B /* LaunchScreen.storyboard */,
			);
			path = Default;
			sourceTree = "<group>";
		};
		2C68630528B4DE9100DAC01B /* Recources */ = {
			isa = PBXGroup;
			children = (
				2C6862F928B4DCBE00DAC01B /* Assets.xcassets */,
			);
			path = Recources;
			sourceTree = "<group>";
		};
		2C68630628B4DEC000DAC01B /* Presentation */ = {
			isa = PBXGroup;
			children = (
				2C68631128B4DFCE00DAC01B /* CurrenciesList */,
				2C9FC26C28B6589300F2A49B /* Сalculator */,
			);
			path = Presentation;
			sourceTree = "<group>";
		};
		2C68631128B4DFCE00DAC01B /* CurrenciesList */ = {
			isa = PBXGroup;
			children = (
				2C68632328B4EC0100DAC01B /* CurrenciesListProviders */,
				2C68631C28B4E5F800DAC01B /* Cells */,
				2C68630E28B4DF9200DAC01B /* CurrenciesListViewController.xib */,
				2C68630D28B4DF9200DAC01B /* CurrenciesListViewController.swift */,
				2C68631228B4E0F300DAC01B /* CurrenciesListPresenter.swift */,
				2C68631428B4E24D00DAC01B /* CurrenciesListInteractor.swift */,
				2C68631628B4E2E200DAC01B /* CurrenciesListRouter.swift */,
				2C68631828B4E2ED00DAC01B /* CurrenciesListConfigurator.swift */,
			);
			path = CurrenciesList;
			sourceTree = "<group>";
		};
		2C68631C28B4E5F800DAC01B /* Cells */ = {
			isa = PBXGroup;
			children = (
				2C68631A28B4E5F100DAC01B /* CurrencyCell.swift */,
			);
			path = Cells;
			sourceTree = "<group>";
		};
		2C68632328B4EC0100DAC01B /* CurrenciesListProviders */ = {
			isa = PBXGroup;
			children = (
				2C68632428B4EC4F00DAC01B /* CurrenciesListDataSourceProvider.swift */,
			);
			path = CurrenciesListProviders;
			sourceTree = "<group>";
		};
		2C6AD3CC28B94C5800CEB542 /* CurrencyConverterTests */ = {
			isa = PBXGroup;
			children = (
				2C6AD3D428B94C7700CEB542 /* Presentation */,
			);
			path = CurrencyConverterTests;
			sourceTree = "<group>";
		};
		2C6AD3D428B94C7700CEB542 /* Presentation */ = {
			isa = PBXGroup;
			children = (
				2C6AD3D528B94C8000CEB542 /* Calculator */,
			);
			path = Presentation;
			sourceTree = "<group>";
		};
		2C6AD3D528B94C8000CEB542 /* Calculator */ = {
			isa = PBXGroup;
			children = (
				2C6AD3D628B94C8A00CEB542 /* Mock */,
				2C6AD3CD28B94C5800CEB542 /* CalculatorInteractorTests.swift */,
			);
			path = Calculator;
			sourceTree = "<group>";
		};
		2C6AD3D628B94C8A00CEB542 /* Mock */ = {
			isa = PBXGroup;
			children = (
				2C6AD3DA28B94F0D00CEB542 /* CalculatorPresenterMock.swift */,
			);
			path = Mock;
			sourceTree = "<group>";
		};
		2C9FC26C28B6589300F2A49B /* Сalculator */ = {
			isa = PBXGroup;
			children = (
				2C9FC26E28B6591100F2A49B /* CalculatorViewController.xib */,
				2C9FC26D28B6591100F2A49B /* CalculatorViewController.swift */,
				2C9FC27128B6598500F2A49B /* CalculatorPresenter.swift */,
				2C9FC27328B6599200F2A49B /* CalculatorInteractor.swift */,
				2C9FC27728B659AC00F2A49B /* CalculatorConfigurator.swift */,
			);
			path = "Сalculator";
			sourceTree = "<group>";
		};
		2C9FC27928B6903F00F2A49B /* Common */ = {
			isa = PBXGroup;
			children = (
				2C9FC27A28B6904C00F2A49B /* Extensions */,
				2C6AD3BD28B8EDCA00CEB542 /* CurrencyType.swift */,
			);
			path = Common;
			sourceTree = "<group>";
		};
		2C9FC27A28B6904C00F2A49B /* Extensions */ = {
			isa = PBXGroup;
			children = (
				2C9FC27B28B6908300F2A49B /* String+NumberFormatter.swift */,
			);
			path = Extensions;
			sourceTree = "<group>";
		};
		2CED9B8528B51B8D00B8C890 /* Services */ = {
			isa = PBXGroup;
			children = (
				2CED9B8628B51BA100B8C890 /* NetworkService */,
				2C6AD3BF28B91C8000CEB542 /* UserDefaultService.swift */,
			);
			path = Services;
			sourceTree = "<group>";
		};
		2CED9B8628B51BA100B8C890 /* NetworkService */ = {
			isa = PBXGroup;
			children = (
				2CED9B9028B51EA500B8C890 /* NetworkError.swift */,
				2CED9B8828B51C7300B8C890 /* CRBApiModel.swift */,
				2CED9B8C28B51DF000B8C890 /* CRBRequest.swift */,
				2CED9B8A28B51D0A00B8C890 /* CRBParser.swift */,
				2CED9B8E28B51E5B00B8C890 /* CRBRequestService.swift */,
				2CED9B9228B51F9500B8C890 /* RequestFactory.swift */,
			);
			path = NetworkService;
			sourceTree = "<group>";
		};
/* End PBXGroup section */

/* Begin PBXNativeTarget section */
		2C6862E928B4DCBD00DAC01B /* CurrencyConverter */ = {
			isa = PBXNativeTarget;
			buildConfigurationList = 2C68630128B4DCBF00DAC01B /* Build configuration list for PBXNativeTarget "CurrencyConverter" */;
			buildPhases = (
				2C6862E628B4DCBD00DAC01B /* Sources */,
				2C6862E728B4DCBD00DAC01B /* Frameworks */,
				2C6862E828B4DCBD00DAC01B /* Resources */,
			);
			buildRules = (
			);
			dependencies = (
			);
			name = CurrencyConverter;
			productName = CurrencyConverter;
			productReference = 2C6862EA28B4DCBD00DAC01B /* CurrencyConverter.app */;
			productType = "com.apple.product-type.application";
		};
		2C6AD3CA28B94C5800CEB542 /* CurrencyConverterTests */ = {
			isa = PBXNativeTarget;
			buildConfigurationList = 2C6AD3D128B94C5800CEB542 /* Build configuration list for PBXNativeTarget "CurrencyConverterTests" */;
			buildPhases = (
				2C6AD3C728B94C5800CEB542 /* Sources */,
				2C6AD3C828B94C5800CEB542 /* Frameworks */,
				2C6AD3C928B94C5800CEB542 /* Resources */,
			);
			buildRules = (
			);
			dependencies = (
				2C6AD3D028B94C5800CEB542 /* PBXTargetDependency */,
			);
			name = CurrencyConverterTests;
			productName = CurrencyConverterTests;
			productReference = 2C6AD3CB28B94C5800CEB542 /* CurrencyConverterTests.xctest */;
			productType = "com.apple.product-type.bundle.unit-test";
		};
/* End PBXNativeTarget section */

/* Begin PBXProject section */
		2C6862E228B4DCBD00DAC01B /* Project object */ = {
			isa = PBXProject;
			attributes = {
				BuildIndependentTargetsInParallel = 1;
				LastSwiftUpdateCheck = 1340;
				LastUpgradeCheck = 1340;
				TargetAttributes = {
					2C6862E928B4DCBD00DAC01B = {
						CreatedOnToolsVersion = 13.4.1;
					};
					2C6AD3CA28B94C5800CEB542 = {
						CreatedOnToolsVersion = 13.4.1;
						TestTargetID = 2C6862E928B4DCBD00DAC01B;
					};
				};
			};
			buildConfigurationList = 2C6862E528B4DCBD00DAC01B /* Build configuration list for PBXProject "CurrencyConverter" */;
			compatibilityVersion = "Xcode 13.0";
			developmentRegion = en;
			hasScannedForEncodings = 0;
			knownRegions = (
				en,
				Base,
			);
			mainGroup = 2C6862E128B4DCBD00DAC01B;
			productRefGroup = 2C6862EB28B4DCBD00DAC01B /* Products */;
			projectDirPath = "";
			projectRoot = "";
			targets = (
				2C6862E928B4DCBD00DAC01B /* CurrencyConverter */,
				2C6AD3CA28B94C5800CEB542 /* CurrencyConverterTests */,
			);
		};
/* End PBXProject section */

/* Begin PBXResourcesBuildPhase section */
		2C6862E828B4DCBD00DAC01B /* Resources */ = {
			isa = PBXResourcesBuildPhase;
			buildActionMask = 2147483647;
			files = (
				2C6862FD28B4DCBE00DAC01B /* LaunchScreen.storyboard in Resources */,
				2C6862FA28B4DCBE00DAC01B /* Assets.xcassets in Resources */,
				2C9FC27028B6591100F2A49B /* CalculatorViewController.xib in Resources */,
				2C68631028B4DF9200DAC01B /* CurrenciesListViewController.xib in Resources */,
			);
			runOnlyForDeploymentPostprocessing = 0;
		};
		2C6AD3C928B94C5800CEB542 /* Resources */ = {
			isa = PBXResourcesBuildPhase;
			buildActionMask = 2147483647;
			files = (
			);
			runOnlyForDeploymentPostprocessing = 0;
		};
/* End PBXResourcesBuildPhase section */

/* Begin PBXSourcesBuildPhase section */
		2C6862E628B4DCBD00DAC01B /* Sources */ = {
			isa = PBXSourcesBuildPhase;
			buildActionMask = 2147483647;
			files = (
				2CED9B9328B51F9500B8C890 /* RequestFactory.swift in Sources */,
				2CED9B8928B51C7300B8C890 /* CRBApiModel.swift in Sources */,
				2C9FC26F28B6591100F2A49B /* CalculatorViewController.swift in Sources */,
				2CED9B8D28B51DF000B8C890 /* CRBRequest.swift in Sources */,
				2C9FC27C28B6908300F2A49B /* String+NumberFormatter.swift in Sources */,
				2C9FC27828B659AC00F2A49B /* CalculatorConfigurator.swift in Sources */,
				2C68631B28B4E5F100DAC01B /* CurrencyCell.swift in Sources */,
				2C68630F28B4DF9200DAC01B /* CurrenciesListViewController.swift in Sources */,
				2C6862F828B4DCBD00DAC01B /* CurrencyConverter.xcdatamodeld in Sources */,
				2C6862EE28B4DCBD00DAC01B /* AppDelegate.swift in Sources */,
				2C68632528B4EC4F00DAC01B /* CurrenciesListDataSourceProvider.swift in Sources */,
				2CED9B8F28B51E5B00B8C890 /* CRBRequestService.swift in Sources */,
				2C6AD3C028B91C8000CEB542 /* UserDefaultService.swift in Sources */,
				2C9FC27428B6599200F2A49B /* CalculatorInteractor.swift in Sources */,
				2C68631328B4E0F300DAC01B /* CurrenciesListPresenter.swift in Sources */,
				2CED9B9128B51EA500B8C890 /* NetworkError.swift in Sources */,
				2C68631928B4E2ED00DAC01B /* CurrenciesListConfigurator.swift in Sources */,
				2C6AD3BE28B8EDCA00CEB542 /* CurrencyType.swift in Sources */,
				2C9FC27228B6598500F2A49B /* CalculatorPresenter.swift in Sources */,
				2C68631528B4E24D00DAC01B /* CurrenciesListInteractor.swift in Sources */,
				2C68631728B4E2E200DAC01B /* CurrenciesListRouter.swift in Sources */,
				2CED9B8B28B51D0A00B8C890 /* CRBParser.swift in Sources */,
			);
			runOnlyForDeploymentPostprocessing = 0;
		};
		2C6AD3C728B94C5800CEB542 /* Sources */ = {
			isa = PBXSourcesBuildPhase;
			buildActionMask = 2147483647;
			files = (
				2C6AD3CE28B94C5800CEB542 /* CalculatorInteractorTests.swift in Sources */,
				2C6AD3DB28B94F0D00CEB542 /* CalculatorPresenterMock.swift in Sources */,
			);
			runOnlyForDeploymentPostprocessing = 0;
		};
/* End PBXSourcesBuildPhase section */

/* Begin PBXTargetDependency section */
		2C6AD3D028B94C5800CEB542 /* PBXTargetDependency */ = {
			isa = PBXTargetDependency;
			target = 2C6862E928B4DCBD00DAC01B /* CurrencyConverter */;
			targetProxy = 2C6AD3CF28B94C5800CEB542 /* PBXContainerItemProxy */;
		};
/* End PBXTargetDependency section */

/* Begin PBXVariantGroup section */
		2C6862FB28B4DCBE00DAC01B /* LaunchScreen.storyboard */ = {
			isa = PBXVariantGroup;
			children = (
				2C6862FC28B4DCBE00DAC01B /* Base */,
			);
			name = LaunchScreen.storyboard;
			sourceTree = "<group>";
		};
/* End PBXVariantGroup section */

/* Begin XCBuildConfiguration section */
		2C6862FF28B4DCBF00DAC01B /* Debug */ = {
			isa = XCBuildConfiguration;
			buildSettings = {
				ALWAYS_SEARCH_USER_PATHS = NO;
				CLANG_ANALYZER_NONNULL = YES;
				CLANG_ANALYZER_NUMBER_OBJECT_CONVERSION = YES_AGGRESSIVE;
				CLANG_CXX_LANGUAGE_STANDARD = "gnu++17";
				CLANG_ENABLE_MODULES = YES;
				CLANG_ENABLE_OBJC_ARC = YES;
				CLANG_ENABLE_OBJC_WEAK = YES;
				CLANG_WARN_BLOCK_CAPTURE_AUTORELEASING = YES;
				CLANG_WARN_BOOL_CONVERSION = YES;
				CLANG_WARN_COMMA = YES;
				CLANG_WARN_CONSTANT_CONVERSION = YES;
				CLANG_WARN_DEPRECATED_OBJC_IMPLEMENTATIONS = YES;
				CLANG_WARN_DIRECT_OBJC_ISA_USAGE = YES_ERROR;
				CLANG_WARN_DOCUMENTATION_COMMENTS = YES;
				CLANG_WARN_EMPTY_BODY = YES;
				CLANG_WARN_ENUM_CONVERSION = YES;
				CLANG_WARN_INFINITE_RECURSION = YES;
				CLANG_WARN_INT_CONVERSION = YES;
				CLANG_WARN_NON_LITERAL_NULL_CONVERSION = YES;
				CLANG_WARN_OBJC_IMPLICIT_RETAIN_SELF = YES;
				CLANG_WARN_OBJC_LITERAL_CONVERSION = YES;
				CLANG_WARN_OBJC_ROOT_CLASS = YES_ERROR;
				CLANG_WARN_QUOTED_INCLUDE_IN_FRAMEWORK_HEADER = YES;
				CLANG_WARN_RANGE_LOOP_ANALYSIS = YES;
				CLANG_WARN_STRICT_PROTOTYPES = YES;
				CLANG_WARN_SUSPICIOUS_MOVE = YES;
				CLANG_WARN_UNGUARDED_AVAILABILITY = YES_AGGRESSIVE;
				CLANG_WARN_UNREACHABLE_CODE = YES;
				CLANG_WARN__DUPLICATE_METHOD_MATCH = YES;
				COPY_PHASE_STRIP = NO;
				DEBUG_INFORMATION_FORMAT = dwarf;
				ENABLE_STRICT_OBJC_MSGSEND = YES;
				ENABLE_TESTABILITY = YES;
				GCC_C_LANGUAGE_STANDARD = gnu11;
				GCC_DYNAMIC_NO_PIC = NO;
				GCC_NO_COMMON_BLOCKS = YES;
				GCC_OPTIMIZATION_LEVEL = 0;
				GCC_PREPROCESSOR_DEFINITIONS = (
					"DEBUG=1",
					"$(inherited)",
				);
				GCC_WARN_64_TO_32_BIT_CONVERSION = YES;
				GCC_WARN_ABOUT_RETURN_TYPE = YES_ERROR;
				GCC_WARN_UNDECLARED_SELECTOR = YES;
				GCC_WARN_UNINITIALIZED_AUTOS = YES_AGGRESSIVE;
				GCC_WARN_UNUSED_FUNCTION = YES;
				GCC_WARN_UNUSED_VARIABLE = YES;
				IPHONEOS_DEPLOYMENT_TARGET = 15.5;
				MTL_ENABLE_DEBUG_INFO = INCLUDE_SOURCE;
				MTL_FAST_MATH = YES;
				ONLY_ACTIVE_ARCH = YES;
				SDKROOT = iphoneos;
				SWIFT_ACTIVE_COMPILATION_CONDITIONS = DEBUG;
				SWIFT_OPTIMIZATION_LEVEL = "-Onone";
			};
			name = Debug;
		};
		2C68630028B4DCBF00DAC01B /* Release */ = {
			isa = XCBuildConfiguration;
			buildSettings = {
				ALWAYS_SEARCH_USER_PATHS = NO;
				CLANG_ANALYZER_NONNULL = YES;
				CLANG_ANALYZER_NUMBER_OBJECT_CONVERSION = YES_AGGRESSIVE;
				CLANG_CXX_LANGUAGE_STANDARD = "gnu++17";
				CLANG_ENABLE_MODULES = YES;
				CLANG_ENABLE_OBJC_ARC = YES;
				CLANG_ENABLE_OBJC_WEAK = YES;
				CLANG_WARN_BLOCK_CAPTURE_AUTORELEASING = YES;
				CLANG_WARN_BOOL_CONVERSION = YES;
				CLANG_WARN_COMMA = YES;
				CLANG_WARN_CONSTANT_CONVERSION = YES;
				CLANG_WARN_DEPRECATED_OBJC_IMPLEMENTATIONS = YES;
				CLANG_WARN_DIRECT_OBJC_ISA_USAGE = YES_ERROR;
				CLANG_WARN_DOCUMENTATION_COMMENTS = YES;
				CLANG_WARN_EMPTY_BODY = YES;
				CLANG_WARN_ENUM_CONVERSION = YES;
				CLANG_WARN_INFINITE_RECURSION = YES;
				CLANG_WARN_INT_CONVERSION = YES;
				CLANG_WARN_NON_LITERAL_NULL_CONVERSION = YES;
				CLANG_WARN_OBJC_IMPLICIT_RETAIN_SELF = YES;
				CLANG_WARN_OBJC_LITERAL_CONVERSION = YES;
				CLANG_WARN_OBJC_ROOT_CLASS = YES_ERROR;
				CLANG_WARN_QUOTED_INCLUDE_IN_FRAMEWORK_HEADER = YES;
				CLANG_WARN_RANGE_LOOP_ANALYSIS = YES;
				CLANG_WARN_STRICT_PROTOTYPES = YES;
				CLANG_WARN_SUSPICIOUS_MOVE = YES;
				CLANG_WARN_UNGUARDED_AVAILABILITY = YES_AGGRESSIVE;
				CLANG_WARN_UNREACHABLE_CODE = YES;
				CLANG_WARN__DUPLICATE_METHOD_MATCH = YES;
				COPY_PHASE_STRIP = NO;
				DEBUG_INFORMATION_FORMAT = "dwarf-with-dsym";
				ENABLE_NS_ASSERTIONS = NO;
				ENABLE_STRICT_OBJC_MSGSEND = YES;
				GCC_C_LANGUAGE_STANDARD = gnu11;
				GCC_NO_COMMON_BLOCKS = YES;
				GCC_WARN_64_TO_32_BIT_CONVERSION = YES;
				GCC_WARN_ABOUT_RETURN_TYPE = YES_ERROR;
				GCC_WARN_UNDECLARED_SELECTOR = YES;
				GCC_WARN_UNINITIALIZED_AUTOS = YES_AGGRESSIVE;
				GCC_WARN_UNUSED_FUNCTION = YES;
				GCC_WARN_UNUSED_VARIABLE = YES;
				IPHONEOS_DEPLOYMENT_TARGET = 15.5;
				MTL_ENABLE_DEBUG_INFO = NO;
				MTL_FAST_MATH = YES;
				SDKROOT = iphoneos;
				SWIFT_COMPILATION_MODE = wholemodule;
				SWIFT_OPTIMIZATION_LEVEL = "-O";
				VALIDATE_PRODUCT = YES;
			};
			name = Release;
		};
		2C68630228B4DCBF00DAC01B /* Debug */ = {
			isa = XCBuildConfiguration;
			buildSettings = {
				ASSETCATALOG_COMPILER_APPICON_NAME = AppIcon;
				ASSETCATALOG_COMPILER_GLOBAL_ACCENT_COLOR_NAME = AccentColor;
				CODE_SIGN_STYLE = Automatic;
				CURRENT_PROJECT_VERSION = 1;
				DEVELOPMENT_TEAM = B66N983M7Q;
				GENERATE_INFOPLIST_FILE = YES;
				INFOPLIST_FILE = CurrencyConverter/Info.plist;
				INFOPLIST_KEY_UIApplicationSupportsIndirectInputEvents = YES;
				INFOPLIST_KEY_UILaunchStoryboardName = LaunchScreen;
				INFOPLIST_KEY_UISupportedInterfaceOrientations = UIInterfaceOrientationPortrait;
				INFOPLIST_KEY_UISupportedInterfaceOrientations_iPad = UIInterfaceOrientationPortrait;
				INFOPLIST_KEY_UISupportedInterfaceOrientations_iPhone = UIInterfaceOrientationPortrait;
				LD_RUNPATH_SEARCH_PATHS = (
					"$(inherited)",
					"@executable_path/Frameworks",
				);
				MARKETING_VERSION = 1.0;
				PRODUCT_BUNDLE_IDENTIFIER = ru.zyfunphoto.CurrencyConverter;
				PRODUCT_NAME = "$(TARGET_NAME)";
				SWIFT_EMIT_LOC_STRINGS = YES;
				SWIFT_VERSION = 5.0;
				TARGETED_DEVICE_FAMILY = 1;
			};
			name = Debug;
		};
		2C68630328B4DCBF00DAC01B /* Release */ = {
			isa = XCBuildConfiguration;
			buildSettings = {
				ASSETCATALOG_COMPILER_APPICON_NAME = AppIcon;
				ASSETCATALOG_COMPILER_GLOBAL_ACCENT_COLOR_NAME = AccentColor;
				CODE_SIGN_STYLE = Automatic;
				CURRENT_PROJECT_VERSION = 1;
				DEVELOPMENT_TEAM = B66N983M7Q;
				GENERATE_INFOPLIST_FILE = YES;
				INFOPLIST_FILE = CurrencyConverter/Info.plist;
				INFOPLIST_KEY_UIApplicationSupportsIndirectInputEvents = YES;
				INFOPLIST_KEY_UILaunchStoryboardName = LaunchScreen;
				INFOPLIST_KEY_UISupportedInterfaceOrientations = UIInterfaceOrientationPortrait;
				INFOPLIST_KEY_UISupportedInterfaceOrientations_iPad = UIInterfaceOrientationPortrait;
				INFOPLIST_KEY_UISupportedInterfaceOrientations_iPhone = UIInterfaceOrientationPortrait;
				LD_RUNPATH_SEARCH_PATHS = (
					"$(inherited)",
					"@executable_path/Frameworks",
				);
				MARKETING_VERSION = 1.0;
				PRODUCT_BUNDLE_IDENTIFIER = ru.zyfunphoto.CurrencyConverter;
				PRODUCT_NAME = "$(TARGET_NAME)";
				SWIFT_EMIT_LOC_STRINGS = YES;
				SWIFT_VERSION = 5.0;
				TARGETED_DEVICE_FAMILY = 1;
			};
			name = Release;
		};
		2C6AD3D228B94C5800CEB542 /* Debug */ = {
			isa = XCBuildConfiguration;
			buildSettings = {
				BUNDLE_LOADER = "$(TEST_HOST)";
				CODE_SIGN_STYLE = Automatic;
				CURRENT_PROJECT_VERSION = 1;
				DEVELOPMENT_TEAM = B66N983M7Q;
				GENERATE_INFOPLIST_FILE = YES;
				MARKETING_VERSION = 1.0;
				PRODUCT_BUNDLE_IDENTIFIER = ru.zyfunphoto.CurrencyConverterTests;
				PRODUCT_NAME = "$(TARGET_NAME)";
				SWIFT_EMIT_LOC_STRINGS = NO;
				SWIFT_VERSION = 5.0;
				TARGETED_DEVICE_FAMILY = "1,2";
				TEST_HOST = "$(BUILT_PRODUCTS_DIR)/CurrencyConverter.app/CurrencyConverter";
			};
			name = Debug;
		};
		2C6AD3D328B94C5800CEB542 /* Release */ = {
			isa = XCBuildConfiguration;
			buildSettings = {
				BUNDLE_LOADER = "$(TEST_HOST)";
				CODE_SIGN_STYLE = Automatic;
				CURRENT_PROJECT_VERSION = 1;
				DEVELOPMENT_TEAM = B66N983M7Q;
				GENERATE_INFOPLIST_FILE = YES;
				MARKETING_VERSION = 1.0;
				PRODUCT_BUNDLE_IDENTIFIER = ru.zyfunphoto.CurrencyConverterTests;
				PRODUCT_NAME = "$(TARGET_NAME)";
				SWIFT_EMIT_LOC_STRINGS = NO;
				SWIFT_VERSION = 5.0;
				TARGETED_DEVICE_FAMILY = "1,2";
				TEST_HOST = "$(BUILT_PRODUCTS_DIR)/CurrencyConverter.app/CurrencyConverter";
			};
			name = Release;
		};
/* End XCBuildConfiguration section */

/* Begin XCConfigurationList section */
		2C6862E528B4DCBD00DAC01B /* Build configuration list for PBXProject "CurrencyConverter" */ = {
			isa = XCConfigurationList;
			buildConfigurations = (
				2C6862FF28B4DCBF00DAC01B /* Debug */,
				2C68630028B4DCBF00DAC01B /* Release */,
			);
			defaultConfigurationIsVisible = 0;
			defaultConfigurationName = Release;
		};
		2C68630128B4DCBF00DAC01B /* Build configuration list for PBXNativeTarget "CurrencyConverter" */ = {
			isa = XCConfigurationList;
			buildConfigurations = (
				2C68630228B4DCBF00DAC01B /* Debug */,
				2C68630328B4DCBF00DAC01B /* Release */,
			);
			defaultConfigurationIsVisible = 0;
			defaultConfigurationName = Release;
		};
		2C6AD3D128B94C5800CEB542 /* Build configuration list for PBXNativeTarget "CurrencyConverterTests" */ = {
			isa = XCConfigurationList;
			buildConfigurations = (
				2C6AD3D228B94C5800CEB542 /* Debug */,
				2C6AD3D328B94C5800CEB542 /* Release */,
			);
			defaultConfigurationIsVisible = 0;
			defaultConfigurationName = Release;
		};
/* End XCConfigurationList section */

/* Begin XCVersionGroup section */
		2C6862F628B4DCBD00DAC01B /* CurrencyConverter.xcdatamodeld */ = {
			isa = XCVersionGroup;
			children = (
				2C6862F728B4DCBD00DAC01B /* CurrencyConverter.xcdatamodel */,
			);
			currentVersion = 2C6862F728B4DCBD00DAC01B /* CurrencyConverter.xcdatamodel */;
			path = CurrencyConverter.xcdatamodeld;
			sourceTree = "<group>";
			versionGroupType = wrapper.xcdatamodel;
		};
/* End XCVersionGroup section */
	};
	rootObject = 2C6862E228B4DCBD00DAC01B /* Project object */;
}
